
Microsoft Visual Studio Solution File, Format Version 12.00
# Visual Studio 15
VisualStudioVersion = 15.0.27004.2009
MinimumVisualStudioVersion = 10.0.40219.1
Project("{FAE04EC0-301F-11D3-BF4B-00C04F79EFBC}") = "Shared Library", "Shared Library\Shared Library.csproj", "{8D901584-63B8-443E-9E21-E68E56B24B88}"
EndProject
Project("{FAE04EC0-301F-11D3-BF4B-00C04F79EFBC}") = "Patron Translator.Console", "Patron Translator.Console\Patron Translator.Console.csproj", "{D0FCF5E7-15B1-4E55-A680-BDAEAC770C43}"
EndProject
Project("{FAE04EC0-301F-11D3-BF4B-00C04F79EFBC}") = "Harvester.Wpf", "Harvester.Wpf\Harvester.Wpf.csproj", "{9EC9F1C3-7460-4AFA-AD96-C5101ABF125C}"
EndProject
Project("{FAE04EC0-301F-11D3-BF4B-00C04F79EFBC}") = "Harvester", "Harvester\Harvester.csproj", "{E68883E3-C84E-4FF9-BE2D-5B6FA01E7CA4}"
EndProject
Project("{FAE04EC0-301F-11D3-BF4B-00C04F79EFBC}") = "Harvester.Service", "Harvester.Service\Harvester.Service.csproj", "{B32C99F2-9808-412E-A9E4-0D9F518893BA}"
EndProject
Project("{FAE04EC0-301F-11D3-BF4B-00C04F79EFBC}") = "Statistics.Web", "Statistics.Web\Statistics.Web.csproj", "{BA6497AC-305C-4946-8C52-8AE209B3AD19}"
EndProject
Project("{00D1A9C2-B5F0-4AF3-8072-F6C62B433612}") = "Statistics.Database", "Statistics.Database\Statistics.Database.sqlproj", "{79B27AE9-5C3A-442F-8111-C6EAB902DE56}"
EndProject
Project("{FAE04EC0-301F-11D3-BF4B-00C04F79EFBC}") = "Harvester.Tests", "Harvester.Tests\Harvester.Tests.csproj", "{879B0644-C358-4C81-AB8F-ABFFEDEBADC9}"
EndProject
Project("{2150E333-8FDC-42A3-9474-1A3956D46DE8}") = "Solution Items", "Solution Items", "{0009793C-7A25-4854-88F9-6004F6BE1E8E}"
	ProjectSection(SolutionItems) = preProject
		build.cake = build.cake
		build.ps1 = build.ps1
		cake.config = cake.config
		xUnitTeamCity.proj = xUnitTeamCity.proj
	EndProjectSection
EndProject
Project("{FAE04EC0-301F-11D3-BF4B-00C04F79EFBC}") = "Shared Library.Tests", "Shared Library.Tests\Shared Library.Tests.csproj", "{9D858A54-A898-4FEE-85AF-3367CD9A903E}"
EndProject
Project("{FAE04EC0-301F-11D3-BF4B-00C04F79EFBC}") = "Harvester.Wpf.Tests", "Harvester.Wpf.Tests\Harvester.Wpf.Tests.csproj", "{E9B8B2CB-CAF9-4F00-9B08-A92A0F809D95}"
EndProject
Project("{FAE04EC0-301F-11D3-BF4B-00C04F79EFBC}") = "Harvester.Service.Tests", "Harvester.Service.Tests\Harvester.Service.Tests.csproj", "{3C30822E-5CB0-4C07-A863-6263FF07438F}"
EndProject
Project("{FAE04EC0-301F-11D3-BF4B-00C04F79EFBC}") = "Patron Translator.Console.Tests", "Patron Translator.Console.Tests\Patron Translator.Console.Tests.csproj", "{AD0EF8EC-E90F-4FE4-A323-DB0F007515C3}"
EndProject
Project("{FAE04EC0-301F-11D3-BF4B-00C04F79EFBC}") = "Statistics.Web.Tests", "Statistics.Web.Tests\Statistics.Web.Tests.csproj", "{6394CA0C-84C6-41FA-BA2C-848D6BA87ED9}"
EndProject
Project("{00D1A9C2-B5F0-4AF3-8072-F6C62B433612}") = "Harvester.Database", "Harvester.Database\Harvester.Database.sqlproj", "{E19CDB1A-FAE7-416B-818A-8E27CF3FDB92}"
EndProject
Project("{7CF6DF6D-3B04-46F8-A40B-537D21BCA0B4}") = "DocumentationGenerator", "DocumentationGenerator\DocumentationGenerator.shfbproj", "{E00F4858-87D8-4ADF-8C71-41D448DDA8F8}"
EndProject
Project("{FAE04EC0-301F-11D3-BF4B-00C04F79EFBC}") = "Harvester.Core", "Harvester.Core\Harvester.Core.csproj", "{557393B2-F0A5-49C7-931C-FFE592C8D23F}"
EndProject
Project("{FAE04EC0-301F-11D3-BF4B-00C04F79EFBC}") = "Harvester.Entities", "Harvester.Entities\Harvester.Entities.csproj", "{00A8CDF4-EB65-4040-85ED-85E8FF94D593}"
EndProject
Project("{FAE04EC0-301F-11D3-BF4B-00C04F79EFBC}") = "Statistics.Entities", "Statistics.Entities\Statistics.Entities.csproj", "{34D4503D-C653-46A4-8EB4-2F8F580F97CB}"
EndProject
Project("{FAE04EC0-301F-11D3-BF4B-00C04F79EFBC}") = "Test", "Test\Test.csproj", "{ABF75C23-EC35-4AD8-8D3A-076615C61FAD}"
EndProject
Project("{FAE04EC0-301F-11D3-BF4B-00C04F79EFBC}") = "Harvester.Core.Tests", "Harvester.Core.Tests\Harvester.Core.Tests.csproj", "{2DFC97BA-108C-45C2-B986-1D282A9B41CE}"
EndProject
Project("{FAE04EC0-301F-11D3-BF4B-00C04F79EFBC}") = "Harvester.Service.Helper", "Harvester.Service.Helper\Harvester.Service.Helper.csproj", "{7BB61EBD-D1E7-41AB-9D70-146B9F132166}"
EndProject
Global
	GlobalSection(SolutionConfigurationPlatforms) = preSolution
		Debug|Any CPU = Debug|Any CPU
		Debug|Mixed Platforms = Debug|Mixed Platforms
		Debug|x86 = Debug|x86
		Local|Any CPU = Local|Any CPU
		Local|Mixed Platforms = Local|Mixed Platforms
		Local|x86 = Local|x86
		Production|Any CPU = Production|Any CPU
		Production|Mixed Platforms = Production|Mixed Platforms
		Production|x86 = Production|x86
		Release|Any CPU = Release|Any CPU
		Release|Mixed Platforms = Release|Mixed Platforms
		Release|x86 = Release|x86
		Test|Any CPU = Test|Any CPU
		Test|Mixed Platforms = Test|Mixed Platforms
		Test|x86 = Test|x86
	EndGlobalSection
	GlobalSection(ProjectConfigurationPlatforms) = postSolution
		{8D901584-63B8-443E-9E21-E68E56B24B88}.Debug|Any CPU.ActiveCfg = Debug|Any CPU
		{8D901584-63B8-443E-9E21-E68E56B24B88}.Debug|Any CPU.Build.0 = Debug|Any CPU
		{8D901584-63B8-443E-9E21-E68E56B24B88}.Debug|Mixed Platforms.ActiveCfg = Debug|Any CPU
		{8D901584-63B8-443E-9E21-E68E56B24B88}.Debug|Mixed Platforms.Build.0 = Debug|Any CPU
		{8D901584-63B8-443E-9E21-E68E56B24B88}.Debug|x86.ActiveCfg = Debug|Any CPU
		{8D901584-63B8-443E-9E21-E68E56B24B88}.Local|Any CPU.ActiveCfg = Test|Any CPU
		{8D901584-63B8-443E-9E21-E68E56B24B88}.Local|Any CPU.Build.0 = Test|Any CPU
		{8D901584-63B8-443E-9E21-E68E56B24B88}.Local|Mixed Platforms.ActiveCfg = Debug|Any CPU
		{8D901584-63B8-443E-9E21-E68E56B24B88}.Local|Mixed Platforms.Build.0 = Debug|Any CPU
		{8D901584-63B8-443E-9E21-E68E56B24B88}.Local|x86.ActiveCfg = Test|Any CPU
		{8D901584-63B8-443E-9E21-E68E56B24B88}.Local|x86.Build.0 = Test|Any CPU
		{8D901584-63B8-443E-9E21-E68E56B24B88}.Production|Any CPU.ActiveCfg = Production|Any CPU
		{8D901584-63B8-443E-9E21-E68E56B24B88}.Production|Any CPU.Build.0 = Production|Any CPU
		{8D901584-63B8-443E-9E21-E68E56B24B88}.Production|Mixed Platforms.ActiveCfg = Production|Any CPU
		{8D901584-63B8-443E-9E21-E68E56B24B88}.Production|Mixed Platforms.Build.0 = Production|Any CPU
		{8D901584-63B8-443E-9E21-E68E56B24B88}.Production|x86.ActiveCfg = Production|Any CPU
		{8D901584-63B8-443E-9E21-E68E56B24B88}.Release|Any CPU.ActiveCfg = Test|Any CPU
		{8D901584-63B8-443E-9E21-E68E56B24B88}.Release|Any CPU.Build.0 = Test|Any CPU
		{8D901584-63B8-443E-9E21-E68E56B24B88}.Release|Mixed Platforms.ActiveCfg = Test|Any CPU
		{8D901584-63B8-443E-9E21-E68E56B24B88}.Release|Mixed Platforms.Build.0 = Test|Any CPU
		{8D901584-63B8-443E-9E21-E68E56B24B88}.Release|x86.ActiveCfg = Test|Any CPU
		{8D901584-63B8-443E-9E21-E68E56B24B88}.Test|Any CPU.ActiveCfg = Test|Any CPU
		{8D901584-63B8-443E-9E21-E68E56B24B88}.Test|Any CPU.Build.0 = Test|Any CPU
		{8D901584-63B8-443E-9E21-E68E56B24B88}.Test|Mixed Platforms.ActiveCfg = Test|Any CPU
		{8D901584-63B8-443E-9E21-E68E56B24B88}.Test|Mixed Platforms.Build.0 = Test|Any CPU
		{8D901584-63B8-443E-9E21-E68E56B24B88}.Test|x86.ActiveCfg = Test|Any CPU
		{D0FCF5E7-15B1-4E55-A680-BDAEAC770C43}.Debug|Any CPU.ActiveCfg = Debug|Any CPU
		{D0FCF5E7-15B1-4E55-A680-BDAEAC770C43}.Debug|Any CPU.Build.0 = Debug|Any CPU
		{D0FCF5E7-15B1-4E55-A680-BDAEAC770C43}.Debug|Mixed Platforms.ActiveCfg = Debug|Any CPU
		{D0FCF5E7-15B1-4E55-A680-BDAEAC770C43}.Debug|Mixed Platforms.Build.0 = Debug|Any CPU
		{D0FCF5E7-15B1-4E55-A680-BDAEAC770C43}.Debug|Mixed Platforms.Deploy.0 = Debug|Any CPU
		{D0FCF5E7-15B1-4E55-A680-BDAEAC770C43}.Debug|x86.ActiveCfg = Debug|Any CPU
		{D0FCF5E7-15B1-4E55-A680-BDAEAC770C43}.Local|Any CPU.ActiveCfg = Test|Any CPU
		{D0FCF5E7-15B1-4E55-A680-BDAEAC770C43}.Local|Any CPU.Build.0 = Test|Any CPU
		{D0FCF5E7-15B1-4E55-A680-BDAEAC770C43}.Local|Mixed Platforms.ActiveCfg = Test|Any CPU
		{D0FCF5E7-15B1-4E55-A680-BDAEAC770C43}.Local|Mixed Platforms.Build.0 = Test|Any CPU
		{D0FCF5E7-15B1-4E55-A680-BDAEAC770C43}.Local|x86.ActiveCfg = Test|Any CPU
		{D0FCF5E7-15B1-4E55-A680-BDAEAC770C43}.Local|x86.Build.0 = Test|Any CPU
		{D0FCF5E7-15B1-4E55-A680-BDAEAC770C43}.Production|Any CPU.ActiveCfg = Production|Any CPU
		{D0FCF5E7-15B1-4E55-A680-BDAEAC770C43}.Production|Any CPU.Build.0 = Production|Any CPU
		{D0FCF5E7-15B1-4E55-A680-BDAEAC770C43}.Production|Mixed Platforms.ActiveCfg = Production|Any CPU
		{D0FCF5E7-15B1-4E55-A680-BDAEAC770C43}.Production|Mixed Platforms.Build.0 = Production|Any CPU
		{D0FCF5E7-15B1-4E55-A680-BDAEAC770C43}.Production|x86.ActiveCfg = Production|Any CPU
		{D0FCF5E7-15B1-4E55-A680-BDAEAC770C43}.Release|Any CPU.ActiveCfg = Test|Any CPU
		{D0FCF5E7-15B1-4E55-A680-BDAEAC770C43}.Release|Any CPU.Build.0 = Test|Any CPU
		{D0FCF5E7-15B1-4E55-A680-BDAEAC770C43}.Release|Mixed Platforms.ActiveCfg = Test|Any CPU
		{D0FCF5E7-15B1-4E55-A680-BDAEAC770C43}.Release|Mixed Platforms.Build.0 = Test|Any CPU
		{D0FCF5E7-15B1-4E55-A680-BDAEAC770C43}.Release|x86.ActiveCfg = Test|Any CPU
		{D0FCF5E7-15B1-4E55-A680-BDAEAC770C43}.Test|Any CPU.ActiveCfg = Test|Any CPU
		{D0FCF5E7-15B1-4E55-A680-BDAEAC770C43}.Test|Any CPU.Build.0 = Test|Any CPU
		{D0FCF5E7-15B1-4E55-A680-BDAEAC770C43}.Test|Mixed Platforms.ActiveCfg = Test|Any CPU
		{D0FCF5E7-15B1-4E55-A680-BDAEAC770C43}.Test|Mixed Platforms.Build.0 = Test|Any CPU
		{D0FCF5E7-15B1-4E55-A680-BDAEAC770C43}.Test|x86.ActiveCfg = Test|Any CPU
		{9EC9F1C3-7460-4AFA-AD96-C5101ABF125C}.Debug|Any CPU.ActiveCfg = Debug|Any CPU
		{9EC9F1C3-7460-4AFA-AD96-C5101ABF125C}.Debug|Any CPU.Build.0 = Debug|Any CPU
		{9EC9F1C3-7460-4AFA-AD96-C5101ABF125C}.Debug|Mixed Platforms.ActiveCfg = Debug|Any CPU
		{9EC9F1C3-7460-4AFA-AD96-C5101ABF125C}.Debug|Mixed Platforms.Build.0 = Debug|Any CPU
		{9EC9F1C3-7460-4AFA-AD96-C5101ABF125C}.Debug|x86.ActiveCfg = Debug|Any CPU
		{9EC9F1C3-7460-4AFA-AD96-C5101ABF125C}.Local|Any CPU.ActiveCfg = Test|Any CPU
		{9EC9F1C3-7460-4AFA-AD96-C5101ABF125C}.Local|Any CPU.Build.0 = Test|Any CPU
		{9EC9F1C3-7460-4AFA-AD96-C5101ABF125C}.Local|Mixed Platforms.ActiveCfg = Test|Any CPU
		{9EC9F1C3-7460-4AFA-AD96-C5101ABF125C}.Local|Mixed Platforms.Build.0 = Test|Any CPU
		{9EC9F1C3-7460-4AFA-AD96-C5101ABF125C}.Local|x86.ActiveCfg = Test|Any CPU
		{9EC9F1C3-7460-4AFA-AD96-C5101ABF125C}.Local|x86.Build.0 = Test|Any CPU
		{9EC9F1C3-7460-4AFA-AD96-C5101ABF125C}.Production|Any CPU.ActiveCfg = Production|Any CPU
		{9EC9F1C3-7460-4AFA-AD96-C5101ABF125C}.Production|Any CPU.Build.0 = Production|Any CPU
		{9EC9F1C3-7460-4AFA-AD96-C5101ABF125C}.Production|Mixed Platforms.ActiveCfg = Production|Any CPU
		{9EC9F1C3-7460-4AFA-AD96-C5101ABF125C}.Production|Mixed Platforms.Build.0 = Production|Any CPU
		{9EC9F1C3-7460-4AFA-AD96-C5101ABF125C}.Production|x86.ActiveCfg = Production|Any CPU
		{9EC9F1C3-7460-4AFA-AD96-C5101ABF125C}.Release|Any CPU.ActiveCfg = Test|Any CPU
		{9EC9F1C3-7460-4AFA-AD96-C5101ABF125C}.Release|Any CPU.Build.0 = Test|Any CPU
		{9EC9F1C3-7460-4AFA-AD96-C5101ABF125C}.Release|Mixed Platforms.ActiveCfg = Test|Any CPU
		{9EC9F1C3-7460-4AFA-AD96-C5101ABF125C}.Release|Mixed Platforms.Build.0 = Test|Any CPU
		{9EC9F1C3-7460-4AFA-AD96-C5101ABF125C}.Release|x86.ActiveCfg = Test|Any CPU
		{9EC9F1C3-7460-4AFA-AD96-C5101ABF125C}.Test|Any CPU.ActiveCfg = Test|Any CPU
		{9EC9F1C3-7460-4AFA-AD96-C5101ABF125C}.Test|Any CPU.Build.0 = Test|Any CPU
		{9EC9F1C3-7460-4AFA-AD96-C5101ABF125C}.Test|Mixed Platforms.ActiveCfg = Test|Any CPU
		{9EC9F1C3-7460-4AFA-AD96-C5101ABF125C}.Test|Mixed Platforms.Build.0 = Test|Any CPU
		{9EC9F1C3-7460-4AFA-AD96-C5101ABF125C}.Test|x86.ActiveCfg = Test|Any CPU
		{E68883E3-C84E-4FF9-BE2D-5B6FA01E7CA4}.Debug|Any CPU.ActiveCfg = Debug|Any CPU
		{E68883E3-C84E-4FF9-BE2D-5B6FA01E7CA4}.Debug|Any CPU.Build.0 = Debug|Any CPU
		{E68883E3-C84E-4FF9-BE2D-5B6FA01E7CA4}.Debug|Mixed Platforms.ActiveCfg = Debug|Any CPU
		{E68883E3-C84E-4FF9-BE2D-5B6FA01E7CA4}.Debug|Mixed Platforms.Build.0 = Debug|Any CPU
		{E68883E3-C84E-4FF9-BE2D-5B6FA01E7CA4}.Debug|x86.ActiveCfg = Debug|Any CPU
		{E68883E3-C84E-4FF9-BE2D-5B6FA01E7CA4}.Local|Any CPU.ActiveCfg = Test|Any CPU
		{E68883E3-C84E-4FF9-BE2D-5B6FA01E7CA4}.Local|Any CPU.Build.0 = Test|Any CPU
		{E68883E3-C84E-4FF9-BE2D-5B6FA01E7CA4}.Local|Mixed Platforms.ActiveCfg = Debug|Any CPU
		{E68883E3-C84E-4FF9-BE2D-5B6FA01E7CA4}.Local|Mixed Platforms.Build.0 = Debug|Any CPU
		{E68883E3-C84E-4FF9-BE2D-5B6FA01E7CA4}.Local|x86.ActiveCfg = Test|Any CPU
		{E68883E3-C84E-4FF9-BE2D-5B6FA01E7CA4}.Local|x86.Build.0 = Test|Any CPU
		{E68883E3-C84E-4FF9-BE2D-5B6FA01E7CA4}.Production|Any CPU.ActiveCfg = Production|Any CPU
		{E68883E3-C84E-4FF9-BE2D-5B6FA01E7CA4}.Production|Any CPU.Build.0 = Production|Any CPU
		{E68883E3-C84E-4FF9-BE2D-5B6FA01E7CA4}.Production|Mixed Platforms.ActiveCfg = Production|Any CPU
		{E68883E3-C84E-4FF9-BE2D-5B6FA01E7CA4}.Production|Mixed Platforms.Build.0 = Production|Any CPU
		{E68883E3-C84E-4FF9-BE2D-5B6FA01E7CA4}.Production|x86.ActiveCfg = Production|Any CPU
		{E68883E3-C84E-4FF9-BE2D-5B6FA01E7CA4}.Release|Any CPU.ActiveCfg = Test|Any CPU
		{E68883E3-C84E-4FF9-BE2D-5B6FA01E7CA4}.Release|Any CPU.Build.0 = Test|Any CPU
		{E68883E3-C84E-4FF9-BE2D-5B6FA01E7CA4}.Release|Mixed Platforms.ActiveCfg = Test|Any CPU
		{E68883E3-C84E-4FF9-BE2D-5B6FA01E7CA4}.Release|Mixed Platforms.Build.0 = Test|Any CPU
		{E68883E3-C84E-4FF9-BE2D-5B6FA01E7CA4}.Release|x86.ActiveCfg = Test|Any CPU
		{E68883E3-C84E-4FF9-BE2D-5B6FA01E7CA4}.Test|Any CPU.ActiveCfg = Test|Any CPU
		{E68883E3-C84E-4FF9-BE2D-5B6FA01E7CA4}.Test|Any CPU.Build.0 = Test|Any CPU
		{E68883E3-C84E-4FF9-BE2D-5B6FA01E7CA4}.Test|Mixed Platforms.ActiveCfg = Test|Any CPU
		{E68883E3-C84E-4FF9-BE2D-5B6FA01E7CA4}.Test|Mixed Platforms.Build.0 = Test|Any CPU
		{E68883E3-C84E-4FF9-BE2D-5B6FA01E7CA4}.Test|x86.ActiveCfg = Test|Any CPU
		{B32C99F2-9808-412E-A9E4-0D9F518893BA}.Debug|Any CPU.ActiveCfg = Debug|Any CPU
		{B32C99F2-9808-412E-A9E4-0D9F518893BA}.Debug|Any CPU.Build.0 = Debug|Any CPU
		{B32C99F2-9808-412E-A9E4-0D9F518893BA}.Debug|Mixed Platforms.ActiveCfg = Debug|Any CPU
		{B32C99F2-9808-412E-A9E4-0D9F518893BA}.Debug|Mixed Platforms.Build.0 = Debug|Any CPU
		{B32C99F2-9808-412E-A9E4-0D9F518893BA}.Debug|x86.ActiveCfg = Debug|Any CPU
		{B32C99F2-9808-412E-A9E4-0D9F518893BA}.Local|Any CPU.ActiveCfg = Test|Any CPU
		{B32C99F2-9808-412E-A9E4-0D9F518893BA}.Local|Any CPU.Build.0 = Test|Any CPU
		{B32C99F2-9808-412E-A9E4-0D9F518893BA}.Local|Mixed Platforms.ActiveCfg = Test|Any CPU
		{B32C99F2-9808-412E-A9E4-0D9F518893BA}.Local|Mixed Platforms.Build.0 = Test|Any CPU
		{B32C99F2-9808-412E-A9E4-0D9F518893BA}.Local|x86.ActiveCfg = Test|Any CPU
		{B32C99F2-9808-412E-A9E4-0D9F518893BA}.Local|x86.Build.0 = Test|Any CPU
		{B32C99F2-9808-412E-A9E4-0D9F518893BA}.Production|Any CPU.ActiveCfg = Production|Any CPU
		{B32C99F2-9808-412E-A9E4-0D9F518893BA}.Production|Any CPU.Build.0 = Production|Any CPU
		{B32C99F2-9808-412E-A9E4-0D9F518893BA}.Production|Mixed Platforms.ActiveCfg = Production|Any CPU
		{B32C99F2-9808-412E-A9E4-0D9F518893BA}.Production|Mixed Platforms.Build.0 = Production|Any CPU
		{B32C99F2-9808-412E-A9E4-0D9F518893BA}.Production|x86.ActiveCfg = Production|Any CPU
		{B32C99F2-9808-412E-A9E4-0D9F518893BA}.Release|Any CPU.ActiveCfg = Test|Any CPU
		{B32C99F2-9808-412E-A9E4-0D9F518893BA}.Release|Any CPU.Build.0 = Test|Any CPU
		{B32C99F2-9808-412E-A9E4-0D9F518893BA}.Release|Mixed Platforms.ActiveCfg = Test|Any CPU
		{B32C99F2-9808-412E-A9E4-0D9F518893BA}.Release|Mixed Platforms.Build.0 = Test|Any CPU
		{B32C99F2-9808-412E-A9E4-0D9F518893BA}.Release|x86.ActiveCfg = Test|Any CPU
		{B32C99F2-9808-412E-A9E4-0D9F518893BA}.Test|Any CPU.ActiveCfg = Test|Any CPU
		{B32C99F2-9808-412E-A9E4-0D9F518893BA}.Test|Any CPU.Build.0 = Test|Any CPU
		{B32C99F2-9808-412E-A9E4-0D9F518893BA}.Test|Mixed Platforms.ActiveCfg = Test|Any CPU
		{B32C99F2-9808-412E-A9E4-0D9F518893BA}.Test|Mixed Platforms.Build.0 = Test|Any CPU
		{B32C99F2-9808-412E-A9E4-0D9F518893BA}.Test|x86.ActiveCfg = Test|Any CPU
		{BA6497AC-305C-4946-8C52-8AE209B3AD19}.Debug|Any CPU.ActiveCfg = Debug|Any CPU
		{BA6497AC-305C-4946-8C52-8AE209B3AD19}.Debug|Any CPU.Build.0 = Debug|Any CPU
		{BA6497AC-305C-4946-8C52-8AE209B3AD19}.Debug|Mixed Platforms.ActiveCfg = Debug|Any CPU
		{BA6497AC-305C-4946-8C52-8AE209B3AD19}.Debug|Mixed Platforms.Build.0 = Debug|Any CPU
		{BA6497AC-305C-4946-8C52-8AE209B3AD19}.Debug|x86.ActiveCfg = Debug|Any CPU
		{BA6497AC-305C-4946-8C52-8AE209B3AD19}.Local|Any CPU.ActiveCfg = Test|Any CPU
		{BA6497AC-305C-4946-8C52-8AE209B3AD19}.Local|Any CPU.Build.0 = Test|Any CPU
		{BA6497AC-305C-4946-8C52-8AE209B3AD19}.Local|Mixed Platforms.ActiveCfg = Test|Any CPU
		{BA6497AC-305C-4946-8C52-8AE209B3AD19}.Local|Mixed Platforms.Build.0 = Test|Any CPU
		{BA6497AC-305C-4946-8C52-8AE209B3AD19}.Local|x86.ActiveCfg = Test|Any CPU
		{BA6497AC-305C-4946-8C52-8AE209B3AD19}.Local|x86.Build.0 = Test|Any CPU
		{BA6497AC-305C-4946-8C52-8AE209B3AD19}.Production|Any CPU.ActiveCfg = Production|Any CPU
		{BA6497AC-305C-4946-8C52-8AE209B3AD19}.Production|Mixed Platforms.ActiveCfg = Production|Any CPU
		{BA6497AC-305C-4946-8C52-8AE209B3AD19}.Production|Mixed Platforms.Build.0 = Production|Any CPU
		{BA6497AC-305C-4946-8C52-8AE209B3AD19}.Production|x86.ActiveCfg = Production|Any CPU
		{BA6497AC-305C-4946-8C52-8AE209B3AD19}.Release|Any CPU.ActiveCfg = Test|Any CPU
		{BA6497AC-305C-4946-8C52-8AE209B3AD19}.Release|Any CPU.Build.0 = Test|Any CPU
		{BA6497AC-305C-4946-8C52-8AE209B3AD19}.Release|Mixed Platforms.ActiveCfg = Test|Any CPU
		{BA6497AC-305C-4946-8C52-8AE209B3AD19}.Release|Mixed Platforms.Build.0 = Test|Any CPU
		{BA6497AC-305C-4946-8C52-8AE209B3AD19}.Release|x86.ActiveCfg = Test|Any CPU
		{BA6497AC-305C-4946-8C52-8AE209B3AD19}.Release|x86.Build.0 = Test|Any CPU
		{BA6497AC-305C-4946-8C52-8AE209B3AD19}.Test|Any CPU.ActiveCfg = Test|Any CPU
		{BA6497AC-305C-4946-8C52-8AE209B3AD19}.Test|Mixed Platforms.ActiveCfg = Test|Any CPU
		{BA6497AC-305C-4946-8C52-8AE209B3AD19}.Test|Mixed Platforms.Build.0 = Test|Any CPU
		{BA6497AC-305C-4946-8C52-8AE209B3AD19}.Test|x86.ActiveCfg = Test|Any CPU
		{79B27AE9-5C3A-442F-8111-C6EAB902DE56}.Debug|Any CPU.ActiveCfg = Debug|Any CPU
		{79B27AE9-5C3A-442F-8111-C6EAB902DE56}.Debug|Any CPU.Build.0 = Debug|Any CPU
		{79B27AE9-5C3A-442F-8111-C6EAB902DE56}.Debug|Any CPU.Deploy.0 = Debug|Any CPU
		{79B27AE9-5C3A-442F-8111-C6EAB902DE56}.Debug|Mixed Platforms.ActiveCfg = Debug|Any CPU
		{79B27AE9-5C3A-442F-8111-C6EAB902DE56}.Debug|Mixed Platforms.Build.0 = Debug|Any CPU
		{79B27AE9-5C3A-442F-8111-C6EAB902DE56}.Debug|Mixed Platforms.Deploy.0 = Debug|Any CPU
		{79B27AE9-5C3A-442F-8111-C6EAB902DE56}.Debug|x86.ActiveCfg = Debug|Any CPU
		{79B27AE9-5C3A-442F-8111-C6EAB902DE56}.Local|Any CPU.ActiveCfg = Release (Test)|Any CPU
		{79B27AE9-5C3A-442F-8111-C6EAB902DE56}.Local|Any CPU.Build.0 = Release (Test)|Any CPU
		{79B27AE9-5C3A-442F-8111-C6EAB902DE56}.Local|Any CPU.Deploy.0 = Release (Test)|Any CPU
		{79B27AE9-5C3A-442F-8111-C6EAB902DE56}.Local|Mixed Platforms.ActiveCfg = Release (Test)|Any CPU
		{79B27AE9-5C3A-442F-8111-C6EAB902DE56}.Local|Mixed Platforms.Build.0 = Release (Test)|Any CPU
		{79B27AE9-5C3A-442F-8111-C6EAB902DE56}.Local|Mixed Platforms.Deploy.0 = Release (Test)|Any CPU
		{79B27AE9-5C3A-442F-8111-C6EAB902DE56}.Local|x86.ActiveCfg = Release (Test)|Any CPU
		{79B27AE9-5C3A-442F-8111-C6EAB902DE56}.Local|x86.Build.0 = Release (Test)|Any CPU
		{79B27AE9-5C3A-442F-8111-C6EAB902DE56}.Local|x86.Deploy.0 = Release (Test)|Any CPU
		{79B27AE9-5C3A-442F-8111-C6EAB902DE56}.Production|Any CPU.ActiveCfg = Production|Any CPU
		{79B27AE9-5C3A-442F-8111-C6EAB902DE56}.Production|Any CPU.Build.0 = Production|Any CPU
		{79B27AE9-5C3A-442F-8111-C6EAB902DE56}.Production|Any CPU.Deploy.0 = Production|Any CPU
		{79B27AE9-5C3A-442F-8111-C6EAB902DE56}.Production|Mixed Platforms.ActiveCfg = Production|Any CPU
		{79B27AE9-5C3A-442F-8111-C6EAB902DE56}.Production|Mixed Platforms.Build.0 = Production|Any CPU
		{79B27AE9-5C3A-442F-8111-C6EAB902DE56}.Production|Mixed Platforms.Deploy.0 = Production|Any CPU
		{79B27AE9-5C3A-442F-8111-C6EAB902DE56}.Production|x86.ActiveCfg = Production|Any CPU
		{79B27AE9-5C3A-442F-8111-C6EAB902DE56}.Release|Any CPU.ActiveCfg = Release|Any CPU
		{79B27AE9-5C3A-442F-8111-C6EAB902DE56}.Release|Any CPU.Build.0 = Release|Any CPU
		{79B27AE9-5C3A-442F-8111-C6EAB902DE56}.Release|Any CPU.Deploy.0 = Release|Any CPU
		{79B27AE9-5C3A-442F-8111-C6EAB902DE56}.Release|Mixed Platforms.ActiveCfg = Release|Any CPU
		{79B27AE9-5C3A-442F-8111-C6EAB902DE56}.Release|Mixed Platforms.Build.0 = Release|Any CPU
		{79B27AE9-5C3A-442F-8111-C6EAB902DE56}.Release|Mixed Platforms.Deploy.0 = Release|Any CPU
		{79B27AE9-5C3A-442F-8111-C6EAB902DE56}.Release|x86.ActiveCfg = Release|Any CPU
		{79B27AE9-5C3A-442F-8111-C6EAB902DE56}.Test|Any CPU.ActiveCfg = Test|Any CPU
		{79B27AE9-5C3A-442F-8111-C6EAB902DE56}.Test|Any CPU.Build.0 = Test|Any CPU
		{79B27AE9-5C3A-442F-8111-C6EAB902DE56}.Test|Any CPU.Deploy.0 = Test|Any CPU
		{79B27AE9-5C3A-442F-8111-C6EAB902DE56}.Test|Mixed Platforms.ActiveCfg = Test|Any CPU
		{79B27AE9-5C3A-442F-8111-C6EAB902DE56}.Test|Mixed Platforms.Build.0 = Test|Any CPU
		{79B27AE9-5C3A-442F-8111-C6EAB902DE56}.Test|Mixed Platforms.Deploy.0 = Test|Any CPU
		{79B27AE9-5C3A-442F-8111-C6EAB902DE56}.Test|x86.ActiveCfg = Test|Any CPU
		{879B0644-C358-4C81-AB8F-ABFFEDEBADC9}.Debug|Any CPU.ActiveCfg = Debug|Any CPU
		{879B0644-C358-4C81-AB8F-ABFFEDEBADC9}.Debug|Any CPU.Build.0 = Debug|Any CPU
		{879B0644-C358-4C81-AB8F-ABFFEDEBADC9}.Debug|Mixed Platforms.ActiveCfg = Debug|Any CPU
		{879B0644-C358-4C81-AB8F-ABFFEDEBADC9}.Debug|Mixed Platforms.Build.0 = Debug|Any CPU
		{879B0644-C358-4C81-AB8F-ABFFEDEBADC9}.Debug|x86.ActiveCfg = Debug|Any CPU
		{879B0644-C358-4C81-AB8F-ABFFEDEBADC9}.Local|Any CPU.ActiveCfg = Test|Any CPU
		{879B0644-C358-4C81-AB8F-ABFFEDEBADC9}.Local|Any CPU.Build.0 = Test|Any CPU
		{879B0644-C358-4C81-AB8F-ABFFEDEBADC9}.Local|Mixed Platforms.ActiveCfg = Test|Any CPU
		{879B0644-C358-4C81-AB8F-ABFFEDEBADC9}.Local|Mixed Platforms.Build.0 = Test|Any CPU
		{879B0644-C358-4C81-AB8F-ABFFEDEBADC9}.Local|x86.ActiveCfg = Test|Any CPU
		{879B0644-C358-4C81-AB8F-ABFFEDEBADC9}.Local|x86.Build.0 = Test|Any CPU
		{879B0644-C358-4C81-AB8F-ABFFEDEBADC9}.Production|Any CPU.ActiveCfg = Production|Any CPU
		{879B0644-C358-4C81-AB8F-ABFFEDEBADC9}.Production|Any CPU.Build.0 = Production|Any CPU
		{879B0644-C358-4C81-AB8F-ABFFEDEBADC9}.Production|Mixed Platforms.ActiveCfg = Production|Any CPU
		{879B0644-C358-4C81-AB8F-ABFFEDEBADC9}.Production|Mixed Platforms.Build.0 = Production|Any CPU
		{879B0644-C358-4C81-AB8F-ABFFEDEBADC9}.Production|x86.ActiveCfg = Production|Any CPU
		{879B0644-C358-4C81-AB8F-ABFFEDEBADC9}.Release|Any CPU.ActiveCfg = Test|Any CPU
		{879B0644-C358-4C81-AB8F-ABFFEDEBADC9}.Release|Any CPU.Build.0 = Test|Any CPU
		{879B0644-C358-4C81-AB8F-ABFFEDEBADC9}.Release|Mixed Platforms.ActiveCfg = Test|Any CPU
		{879B0644-C358-4C81-AB8F-ABFFEDEBADC9}.Release|Mixed Platforms.Build.0 = Test|Any CPU
		{879B0644-C358-4C81-AB8F-ABFFEDEBADC9}.Release|x86.ActiveCfg = Test|Any CPU
		{879B0644-C358-4C81-AB8F-ABFFEDEBADC9}.Test|Any CPU.ActiveCfg = Test|Any CPU
		{879B0644-C358-4C81-AB8F-ABFFEDEBADC9}.Test|Any CPU.Build.0 = Test|Any CPU
		{879B0644-C358-4C81-AB8F-ABFFEDEBADC9}.Test|Mixed Platforms.ActiveCfg = Test|Any CPU
		{879B0644-C358-4C81-AB8F-ABFFEDEBADC9}.Test|Mixed Platforms.Build.0 = Test|Any CPU
		{879B0644-C358-4C81-AB8F-ABFFEDEBADC9}.Test|x86.ActiveCfg = Test|Any CPU
		{9D858A54-A898-4FEE-85AF-3367CD9A903E}.Debug|Any CPU.ActiveCfg = Debug|Any CPU
		{9D858A54-A898-4FEE-85AF-3367CD9A903E}.Debug|Any CPU.Build.0 = Debug|Any CPU
		{9D858A54-A898-4FEE-85AF-3367CD9A903E}.Debug|Mixed Platforms.ActiveCfg = Debug|Any CPU
		{9D858A54-A898-4FEE-85AF-3367CD9A903E}.Debug|Mixed Platforms.Build.0 = Debug|Any CPU
		{9D858A54-A898-4FEE-85AF-3367CD9A903E}.Debug|x86.ActiveCfg = Debug|Any CPU
		{9D858A54-A898-4FEE-85AF-3367CD9A903E}.Local|Any CPU.ActiveCfg = Test|Any CPU
		{9D858A54-A898-4FEE-85AF-3367CD9A903E}.Local|Any CPU.Build.0 = Test|Any CPU
		{9D858A54-A898-4FEE-85AF-3367CD9A903E}.Local|Mixed Platforms.ActiveCfg = Debug|Any CPU
		{9D858A54-A898-4FEE-85AF-3367CD9A903E}.Local|Mixed Platforms.Build.0 = Debug|Any CPU
		{9D858A54-A898-4FEE-85AF-3367CD9A903E}.Local|x86.ActiveCfg = Test|Any CPU
		{9D858A54-A898-4FEE-85AF-3367CD9A903E}.Local|x86.Build.0 = Test|Any CPU
		{9D858A54-A898-4FEE-85AF-3367CD9A903E}.Production|Any CPU.ActiveCfg = Production|Any CPU
		{9D858A54-A898-4FEE-85AF-3367CD9A903E}.Production|Any CPU.Build.0 = Production|Any CPU
		{9D858A54-A898-4FEE-85AF-3367CD9A903E}.Production|Mixed Platforms.ActiveCfg = Production|Any CPU
		{9D858A54-A898-4FEE-85AF-3367CD9A903E}.Production|Mixed Platforms.Build.0 = Production|Any CPU
		{9D858A54-A898-4FEE-85AF-3367CD9A903E}.Production|x86.ActiveCfg = Production|Any CPU
		{9D858A54-A898-4FEE-85AF-3367CD9A903E}.Release|Any CPU.ActiveCfg = Test|Any CPU
		{9D858A54-A898-4FEE-85AF-3367CD9A903E}.Release|Any CPU.Build.0 = Test|Any CPU
		{9D858A54-A898-4FEE-85AF-3367CD9A903E}.Release|Mixed Platforms.ActiveCfg = Test|Any CPU
		{9D858A54-A898-4FEE-85AF-3367CD9A903E}.Release|Mixed Platforms.Build.0 = Test|Any CPU
		{9D858A54-A898-4FEE-85AF-3367CD9A903E}.Release|x86.ActiveCfg = Test|Any CPU
		{9D858A54-A898-4FEE-85AF-3367CD9A903E}.Test|Any CPU.ActiveCfg = Test|Any CPU
		{9D858A54-A898-4FEE-85AF-3367CD9A903E}.Test|Any CPU.Build.0 = Test|Any CPU
		{9D858A54-A898-4FEE-85AF-3367CD9A903E}.Test|Mixed Platforms.ActiveCfg = Test|Any CPU
		{9D858A54-A898-4FEE-85AF-3367CD9A903E}.Test|Mixed Platforms.Build.0 = Test|Any CPU
		{9D858A54-A898-4FEE-85AF-3367CD9A903E}.Test|x86.ActiveCfg = Test|Any CPU
		{E9B8B2CB-CAF9-4F00-9B08-A92A0F809D95}.Debug|Any CPU.ActiveCfg = Debug|Any CPU
		{E9B8B2CB-CAF9-4F00-9B08-A92A0F809D95}.Debug|Any CPU.Build.0 = Debug|Any CPU
		{E9B8B2CB-CAF9-4F00-9B08-A92A0F809D95}.Debug|Mixed Platforms.ActiveCfg = Debug|Any CPU
		{E9B8B2CB-CAF9-4F00-9B08-A92A0F809D95}.Debug|Mixed Platforms.Build.0 = Debug|Any CPU
		{E9B8B2CB-CAF9-4F00-9B08-A92A0F809D95}.Debug|Mixed Platforms.Deploy.0 = Debug|Any CPU
		{E9B8B2CB-CAF9-4F00-9B08-A92A0F809D95}.Debug|x86.ActiveCfg = Debug|Any CPU
		{E9B8B2CB-CAF9-4F00-9B08-A92A0F809D95}.Local|Any CPU.ActiveCfg = Test|Any CPU
		{E9B8B2CB-CAF9-4F00-9B08-A92A0F809D95}.Local|Any CPU.Build.0 = Test|Any CPU
		{E9B8B2CB-CAF9-4F00-9B08-A92A0F809D95}.Local|Mixed Platforms.ActiveCfg = Test|Any CPU
		{E9B8B2CB-CAF9-4F00-9B08-A92A0F809D95}.Local|Mixed Platforms.Build.0 = Test|Any CPU
		{E9B8B2CB-CAF9-4F00-9B08-A92A0F809D95}.Local|x86.ActiveCfg = Test|Any CPU
		{E9B8B2CB-CAF9-4F00-9B08-A92A0F809D95}.Local|x86.Build.0 = Test|Any CPU
		{E9B8B2CB-CAF9-4F00-9B08-A92A0F809D95}.Production|Any CPU.ActiveCfg = Production|Any CPU
		{E9B8B2CB-CAF9-4F00-9B08-A92A0F809D95}.Production|Any CPU.Build.0 = Production|Any CPU
		{E9B8B2CB-CAF9-4F00-9B08-A92A0F809D95}.Production|Mixed Platforms.ActiveCfg = Production|Any CPU
		{E9B8B2CB-CAF9-4F00-9B08-A92A0F809D95}.Production|Mixed Platforms.Build.0 = Production|Any CPU
		{E9B8B2CB-CAF9-4F00-9B08-A92A0F809D95}.Production|x86.ActiveCfg = Production|Any CPU
		{E9B8B2CB-CAF9-4F00-9B08-A92A0F809D95}.Release|Any CPU.ActiveCfg = Test|Any CPU
		{E9B8B2CB-CAF9-4F00-9B08-A92A0F809D95}.Release|Any CPU.Build.0 = Test|Any CPU
		{E9B8B2CB-CAF9-4F00-9B08-A92A0F809D95}.Release|Mixed Platforms.ActiveCfg = Test|Any CPU
		{E9B8B2CB-CAF9-4F00-9B08-A92A0F809D95}.Release|Mixed Platforms.Build.0 = Test|Any CPU
		{E9B8B2CB-CAF9-4F00-9B08-A92A0F809D95}.Release|x86.ActiveCfg = Test|Any CPU
		{E9B8B2CB-CAF9-4F00-9B08-A92A0F809D95}.Test|Any CPU.ActiveCfg = Test|Any CPU
		{E9B8B2CB-CAF9-4F00-9B08-A92A0F809D95}.Test|Any CPU.Build.0 = Test|Any CPU
		{E9B8B2CB-CAF9-4F00-9B08-A92A0F809D95}.Test|Mixed Platforms.ActiveCfg = Test|Any CPU
		{E9B8B2CB-CAF9-4F00-9B08-A92A0F809D95}.Test|Mixed Platforms.Build.0 = Test|Any CPU
		{E9B8B2CB-CAF9-4F00-9B08-A92A0F809D95}.Test|x86.ActiveCfg = Test|Any CPU
		{3C30822E-5CB0-4C07-A863-6263FF07438F}.Debug|Any CPU.ActiveCfg = Debug|Any CPU
		{3C30822E-5CB0-4C07-A863-6263FF07438F}.Debug|Any CPU.Build.0 = Debug|Any CPU
		{3C30822E-5CB0-4C07-A863-6263FF07438F}.Debug|Mixed Platforms.ActiveCfg = Debug|Any CPU
		{3C30822E-5CB0-4C07-A863-6263FF07438F}.Debug|Mixed Platforms.Build.0 = Debug|Any CPU
		{3C30822E-5CB0-4C07-A863-6263FF07438F}.Debug|x86.ActiveCfg = Debug|Any CPU
		{3C30822E-5CB0-4C07-A863-6263FF07438F}.Local|Any CPU.ActiveCfg = Test|Any CPU
		{3C30822E-5CB0-4C07-A863-6263FF07438F}.Local|Any CPU.Build.0 = Test|Any CPU
		{3C30822E-5CB0-4C07-A863-6263FF07438F}.Local|Mixed Platforms.ActiveCfg = Test|Any CPU
		{3C30822E-5CB0-4C07-A863-6263FF07438F}.Local|Mixed Platforms.Build.0 = Test|Any CPU
		{3C30822E-5CB0-4C07-A863-6263FF07438F}.Local|x86.ActiveCfg = Test|Any CPU
		{3C30822E-5CB0-4C07-A863-6263FF07438F}.Local|x86.Build.0 = Test|Any CPU
		{3C30822E-5CB0-4C07-A863-6263FF07438F}.Production|Any CPU.ActiveCfg = Production|Any CPU
		{3C30822E-5CB0-4C07-A863-6263FF07438F}.Production|Any CPU.Build.0 = Production|Any CPU
		{3C30822E-5CB0-4C07-A863-6263FF07438F}.Production|Mixed Platforms.ActiveCfg = Production|Any CPU
		{3C30822E-5CB0-4C07-A863-6263FF07438F}.Production|Mixed Platforms.Build.0 = Production|Any CPU
		{3C30822E-5CB0-4C07-A863-6263FF07438F}.Production|x86.ActiveCfg = Production|Any CPU
		{3C30822E-5CB0-4C07-A863-6263FF07438F}.Release|Any CPU.ActiveCfg = Test|Any CPU
		{3C30822E-5CB0-4C07-A863-6263FF07438F}.Release|Any CPU.Build.0 = Test|Any CPU
		{3C30822E-5CB0-4C07-A863-6263FF07438F}.Release|Mixed Platforms.ActiveCfg = Test|Any CPU
		{3C30822E-5CB0-4C07-A863-6263FF07438F}.Release|Mixed Platforms.Build.0 = Test|Any CPU
		{3C30822E-5CB0-4C07-A863-6263FF07438F}.Release|x86.ActiveCfg = Test|Any CPU
		{3C30822E-5CB0-4C07-A863-6263FF07438F}.Test|Any CPU.ActiveCfg = Test|Any CPU
		{3C30822E-5CB0-4C07-A863-6263FF07438F}.Test|Any CPU.Build.0 = Test|Any CPU
		{3C30822E-5CB0-4C07-A863-6263FF07438F}.Test|Mixed Platforms.ActiveCfg = Test|Any CPU
		{3C30822E-5CB0-4C07-A863-6263FF07438F}.Test|Mixed Platforms.Build.0 = Test|Any CPU
		{3C30822E-5CB0-4C07-A863-6263FF07438F}.Test|Mixed Platforms.Deploy.0 = Test|Any CPU
		{3C30822E-5CB0-4C07-A863-6263FF07438F}.Test|x86.ActiveCfg = Test|Any CPU
		{AD0EF8EC-E90F-4FE4-A323-DB0F007515C3}.Debug|Any CPU.ActiveCfg = Debug|Any CPU
		{AD0EF8EC-E90F-4FE4-A323-DB0F007515C3}.Debug|Any CPU.Build.0 = Debug|Any CPU
		{AD0EF8EC-E90F-4FE4-A323-DB0F007515C3}.Debug|Mixed Platforms.ActiveCfg = Debug|Any CPU
		{AD0EF8EC-E90F-4FE4-A323-DB0F007515C3}.Debug|Mixed Platforms.Build.0 = Debug|Any CPU
		{AD0EF8EC-E90F-4FE4-A323-DB0F007515C3}.Debug|Mixed Platforms.Deploy.0 = Debug|Any CPU
		{AD0EF8EC-E90F-4FE4-A323-DB0F007515C3}.Debug|x86.ActiveCfg = Debug|Any CPU
		{AD0EF8EC-E90F-4FE4-A323-DB0F007515C3}.Local|Any CPU.ActiveCfg = Test|Any CPU
		{AD0EF8EC-E90F-4FE4-A323-DB0F007515C3}.Local|Any CPU.Build.0 = Test|Any CPU
		{AD0EF8EC-E90F-4FE4-A323-DB0F007515C3}.Local|Mixed Platforms.ActiveCfg = Test|Any CPU
		{AD0EF8EC-E90F-4FE4-A323-DB0F007515C3}.Local|Mixed Platforms.Build.0 = Test|Any CPU
		{AD0EF8EC-E90F-4FE4-A323-DB0F007515C3}.Local|x86.ActiveCfg = Test|Any CPU
		{AD0EF8EC-E90F-4FE4-A323-DB0F007515C3}.Local|x86.Build.0 = Test|Any CPU
		{AD0EF8EC-E90F-4FE4-A323-DB0F007515C3}.Production|Any CPU.ActiveCfg = Production|Any CPU
		{AD0EF8EC-E90F-4FE4-A323-DB0F007515C3}.Production|Any CPU.Build.0 = Production|Any CPU
		{AD0EF8EC-E90F-4FE4-A323-DB0F007515C3}.Production|Mixed Platforms.ActiveCfg = Production|Any CPU
		{AD0EF8EC-E90F-4FE4-A323-DB0F007515C3}.Production|Mixed Platforms.Build.0 = Production|Any CPU
		{AD0EF8EC-E90F-4FE4-A323-DB0F007515C3}.Production|x86.ActiveCfg = Production|Any CPU
		{AD0EF8EC-E90F-4FE4-A323-DB0F007515C3}.Release|Any CPU.ActiveCfg = Test|Any CPU
		{AD0EF8EC-E90F-4FE4-A323-DB0F007515C3}.Release|Any CPU.Build.0 = Test|Any CPU
		{AD0EF8EC-E90F-4FE4-A323-DB0F007515C3}.Release|Mixed Platforms.ActiveCfg = Test|Any CPU
		{AD0EF8EC-E90F-4FE4-A323-DB0F007515C3}.Release|Mixed Platforms.Build.0 = Test|Any CPU
		{AD0EF8EC-E90F-4FE4-A323-DB0F007515C3}.Release|x86.ActiveCfg = Test|Any CPU
		{AD0EF8EC-E90F-4FE4-A323-DB0F007515C3}.Test|Any CPU.ActiveCfg = Test|Any CPU
		{AD0EF8EC-E90F-4FE4-A323-DB0F007515C3}.Test|Any CPU.Build.0 = Test|Any CPU
		{AD0EF8EC-E90F-4FE4-A323-DB0F007515C3}.Test|Mixed Platforms.ActiveCfg = Test|Any CPU
		{AD0EF8EC-E90F-4FE4-A323-DB0F007515C3}.Test|Mixed Platforms.Build.0 = Test|Any CPU
		{AD0EF8EC-E90F-4FE4-A323-DB0F007515C3}.Test|x86.ActiveCfg = Test|Any CPU
		{6394CA0C-84C6-41FA-BA2C-848D6BA87ED9}.Debug|Any CPU.ActiveCfg = Debug|Any CPU
		{6394CA0C-84C6-41FA-BA2C-848D6BA87ED9}.Debug|Any CPU.Build.0 = Debug|Any CPU
		{6394CA0C-84C6-41FA-BA2C-848D6BA87ED9}.Debug|Mixed Platforms.ActiveCfg = Debug|Any CPU
		{6394CA0C-84C6-41FA-BA2C-848D6BA87ED9}.Debug|Mixed Platforms.Build.0 = Debug|Any CPU
		{6394CA0C-84C6-41FA-BA2C-848D6BA87ED9}.Debug|x86.ActiveCfg = Debug|Any CPU
		{6394CA0C-84C6-41FA-BA2C-848D6BA87ED9}.Local|Any CPU.ActiveCfg = Test|Any CPU
		{6394CA0C-84C6-41FA-BA2C-848D6BA87ED9}.Local|Any CPU.Build.0 = Test|Any CPU
		{6394CA0C-84C6-41FA-BA2C-848D6BA87ED9}.Local|Mixed Platforms.ActiveCfg = Test|Any CPU
		{6394CA0C-84C6-41FA-BA2C-848D6BA87ED9}.Local|Mixed Platforms.Build.0 = Test|Any CPU
		{6394CA0C-84C6-41FA-BA2C-848D6BA87ED9}.Local|x86.ActiveCfg = Test|Any CPU
		{6394CA0C-84C6-41FA-BA2C-848D6BA87ED9}.Local|x86.Build.0 = Test|Any CPU
		{6394CA0C-84C6-41FA-BA2C-848D6BA87ED9}.Production|Any CPU.ActiveCfg = Production|Any CPU
		{6394CA0C-84C6-41FA-BA2C-848D6BA87ED9}.Production|Any CPU.Build.0 = Production|Any CPU
		{6394CA0C-84C6-41FA-BA2C-848D6BA87ED9}.Production|Mixed Platforms.ActiveCfg = Production|Any CPU
		{6394CA0C-84C6-41FA-BA2C-848D6BA87ED9}.Production|Mixed Platforms.Build.0 = Production|Any CPU
		{6394CA0C-84C6-41FA-BA2C-848D6BA87ED9}.Production|x86.ActiveCfg = Production|Any CPU
		{6394CA0C-84C6-41FA-BA2C-848D6BA87ED9}.Release|Any CPU.ActiveCfg = Test|Any CPU
		{6394CA0C-84C6-41FA-BA2C-848D6BA87ED9}.Release|Any CPU.Build.0 = Test|Any CPU
		{6394CA0C-84C6-41FA-BA2C-848D6BA87ED9}.Release|Mixed Platforms.ActiveCfg = Test|Any CPU
		{6394CA0C-84C6-41FA-BA2C-848D6BA87ED9}.Release|Mixed Platforms.Build.0 = Test|Any CPU
		{6394CA0C-84C6-41FA-BA2C-848D6BA87ED9}.Release|x86.ActiveCfg = Test|Any CPU
		{6394CA0C-84C6-41FA-BA2C-848D6BA87ED9}.Test|Any CPU.ActiveCfg = Test|Any CPU
		{6394CA0C-84C6-41FA-BA2C-848D6BA87ED9}.Test|Any CPU.Build.0 = Test|Any CPU
		{6394CA0C-84C6-41FA-BA2C-848D6BA87ED9}.Test|Mixed Platforms.ActiveCfg = Test|Any CPU
		{6394CA0C-84C6-41FA-BA2C-848D6BA87ED9}.Test|Mixed Platforms.Build.0 = Test|Any CPU
		{6394CA0C-84C6-41FA-BA2C-848D6BA87ED9}.Test|x86.ActiveCfg = Test|Any CPU
		{E19CDB1A-FAE7-416B-818A-8E27CF3FDB92}.Debug|Any CPU.ActiveCfg = Debug|Any CPU
		{E19CDB1A-FAE7-416B-818A-8E27CF3FDB92}.Debug|Any CPU.Build.0 = Debug|Any CPU
		{E19CDB1A-FAE7-416B-818A-8E27CF3FDB92}.Debug|Any CPU.Deploy.0 = Debug|Any CPU
		{E19CDB1A-FAE7-416B-818A-8E27CF3FDB92}.Debug|Mixed Platforms.ActiveCfg = Debug|Any CPU
		{E19CDB1A-FAE7-416B-818A-8E27CF3FDB92}.Debug|Mixed Platforms.Build.0 = Debug|Any CPU
		{E19CDB1A-FAE7-416B-818A-8E27CF3FDB92}.Debug|Mixed Platforms.Deploy.0 = Debug|Any CPU
		{E19CDB1A-FAE7-416B-818A-8E27CF3FDB92}.Debug|x86.ActiveCfg = Debug|Any CPU
		{E19CDB1A-FAE7-416B-818A-8E27CF3FDB92}.Local|Any CPU.ActiveCfg = Release (Test)|Any CPU
		{E19CDB1A-FAE7-416B-818A-8E27CF3FDB92}.Local|Any CPU.Build.0 = Release (Test)|Any CPU
		{E19CDB1A-FAE7-416B-818A-8E27CF3FDB92}.Local|Any CPU.Deploy.0 = Release (Test)|Any CPU
		{E19CDB1A-FAE7-416B-818A-8E27CF3FDB92}.Local|Mixed Platforms.ActiveCfg = Release (Test)|Any CPU
		{E19CDB1A-FAE7-416B-818A-8E27CF3FDB92}.Local|Mixed Platforms.Build.0 = Release (Test)|Any CPU
		{E19CDB1A-FAE7-416B-818A-8E27CF3FDB92}.Local|Mixed Platforms.Deploy.0 = Release (Test)|Any CPU
		{E19CDB1A-FAE7-416B-818A-8E27CF3FDB92}.Local|x86.ActiveCfg = Release (Test)|Any CPU
		{E19CDB1A-FAE7-416B-818A-8E27CF3FDB92}.Local|x86.Build.0 = Release (Test)|Any CPU
		{E19CDB1A-FAE7-416B-818A-8E27CF3FDB92}.Local|x86.Deploy.0 = Release (Test)|Any CPU
		{E19CDB1A-FAE7-416B-818A-8E27CF3FDB92}.Production|Any CPU.ActiveCfg = Production|Any CPU
		{E19CDB1A-FAE7-416B-818A-8E27CF3FDB92}.Production|Any CPU.Build.0 = Production|Any CPU
		{E19CDB1A-FAE7-416B-818A-8E27CF3FDB92}.Production|Any CPU.Deploy.0 = Production|Any CPU
		{E19CDB1A-FAE7-416B-818A-8E27CF3FDB92}.Production|Mixed Platforms.ActiveCfg = Production|Any CPU
		{E19CDB1A-FAE7-416B-818A-8E27CF3FDB92}.Production|Mixed Platforms.Build.0 = Production|Any CPU
		{E19CDB1A-FAE7-416B-818A-8E27CF3FDB92}.Production|Mixed Platforms.Deploy.0 = Production|Any CPU
		{E19CDB1A-FAE7-416B-818A-8E27CF3FDB92}.Production|x86.ActiveCfg = Production|Any CPU
		{E19CDB1A-FAE7-416B-818A-8E27CF3FDB92}.Release|Any CPU.ActiveCfg = Release|Any CPU
		{E19CDB1A-FAE7-416B-818A-8E27CF3FDB92}.Release|Any CPU.Build.0 = Release|Any CPU
		{E19CDB1A-FAE7-416B-818A-8E27CF3FDB92}.Release|Any CPU.Deploy.0 = Release|Any CPU
		{E19CDB1A-FAE7-416B-818A-8E27CF3FDB92}.Release|Mixed Platforms.ActiveCfg = Release|Any CPU
		{E19CDB1A-FAE7-416B-818A-8E27CF3FDB92}.Release|Mixed Platforms.Build.0 = Release|Any CPU
		{E19CDB1A-FAE7-416B-818A-8E27CF3FDB92}.Release|Mixed Platforms.Deploy.0 = Release|Any CPU
		{E19CDB1A-FAE7-416B-818A-8E27CF3FDB92}.Release|x86.ActiveCfg = Release|Any CPU
		{E19CDB1A-FAE7-416B-818A-8E27CF3FDB92}.Test|Any CPU.ActiveCfg = Test|Any CPU
		{E19CDB1A-FAE7-416B-818A-8E27CF3FDB92}.Test|Any CPU.Build.0 = Test|Any CPU
		{E19CDB1A-FAE7-416B-818A-8E27CF3FDB92}.Test|Any CPU.Deploy.0 = Test|Any CPU
		{E19CDB1A-FAE7-416B-818A-8E27CF3FDB92}.Test|Mixed Platforms.ActiveCfg = Test|Any CPU
		{E19CDB1A-FAE7-416B-818A-8E27CF3FDB92}.Test|Mixed Platforms.Build.0 = Test|Any CPU
		{E19CDB1A-FAE7-416B-818A-8E27CF3FDB92}.Test|Mixed Platforms.Deploy.0 = Test|Any CPU
		{E19CDB1A-FAE7-416B-818A-8E27CF3FDB92}.Test|x86.ActiveCfg = Test|Any CPU
		{E00F4858-87D8-4ADF-8C71-41D448DDA8F8}.Debug|Any CPU.ActiveCfg = Debug|Any CPU
		{E00F4858-87D8-4ADF-8C71-41D448DDA8F8}.Debug|Mixed Platforms.ActiveCfg = Debug|Any CPU
		{E00F4858-87D8-4ADF-8C71-41D448DDA8F8}.Debug|x86.ActiveCfg = Debug|Any CPU
		{E00F4858-87D8-4ADF-8C71-41D448DDA8F8}.Local|Any CPU.ActiveCfg = Test|Any CPU
		{E00F4858-87D8-4ADF-8C71-41D448DDA8F8}.Local|Any CPU.Build.0 = Test|Any CPU
		{E00F4858-87D8-4ADF-8C71-41D448DDA8F8}.Local|Mixed Platforms.ActiveCfg = Test|Any CPU
		{E00F4858-87D8-4ADF-8C71-41D448DDA8F8}.Local|Mixed Platforms.Build.0 = Test|Any CPU
		{E00F4858-87D8-4ADF-8C71-41D448DDA8F8}.Local|x86.ActiveCfg = Test|Any CPU
		{E00F4858-87D8-4ADF-8C71-41D448DDA8F8}.Local|x86.Build.0 = Test|Any CPU
		{E00F4858-87D8-4ADF-8C71-41D448DDA8F8}.Production|Any CPU.ActiveCfg = Production|Any CPU
		{E00F4858-87D8-4ADF-8C71-41D448DDA8F8}.Production|Mixed Platforms.ActiveCfg = Production|Any CPU
		{E00F4858-87D8-4ADF-8C71-41D448DDA8F8}.Production|Mixed Platforms.Build.0 = Production|Any CPU
		{E00F4858-87D8-4ADF-8C71-41D448DDA8F8}.Production|x86.ActiveCfg = Production|Any CPU
		{E00F4858-87D8-4ADF-8C71-41D448DDA8F8}.Release|Any CPU.ActiveCfg = Test|Any CPU
		{E00F4858-87D8-4ADF-8C71-41D448DDA8F8}.Release|Any CPU.Build.0 = Test|Any CPU
		{E00F4858-87D8-4ADF-8C71-41D448DDA8F8}.Release|Mixed Platforms.ActiveCfg = Test|Any CPU
		{E00F4858-87D8-4ADF-8C71-41D448DDA8F8}.Release|Mixed Platforms.Build.0 = Test|Any CPU
		{E00F4858-87D8-4ADF-8C71-41D448DDA8F8}.Release|x86.ActiveCfg = Test|Any CPU
		{E00F4858-87D8-4ADF-8C71-41D448DDA8F8}.Test|Any CPU.ActiveCfg = Test|Any CPU
		{E00F4858-87D8-4ADF-8C71-41D448DDA8F8}.Test|Mixed Platforms.ActiveCfg = Test|Any CPU
		{E00F4858-87D8-4ADF-8C71-41D448DDA8F8}.Test|Mixed Platforms.Build.0 = Test|Any CPU
		{E00F4858-87D8-4ADF-8C71-41D448DDA8F8}.Test|x86.ActiveCfg = Test|Any CPU
		{557393B2-F0A5-49C7-931C-FFE592C8D23F}.Debug|Any CPU.ActiveCfg = Debug|Any CPU
		{557393B2-F0A5-49C7-931C-FFE592C8D23F}.Debug|Any CPU.Build.0 = Debug|Any CPU
		{557393B2-F0A5-49C7-931C-FFE592C8D23F}.Debug|Mixed Platforms.ActiveCfg = Debug|Any CPU
		{557393B2-F0A5-49C7-931C-FFE592C8D23F}.Debug|Mixed Platforms.Build.0 = Debug|Any CPU
		{557393B2-F0A5-49C7-931C-FFE592C8D23F}.Debug|x86.ActiveCfg = Debug|Any CPU
		{557393B2-F0A5-49C7-931C-FFE592C8D23F}.Local|Any CPU.ActiveCfg = Test|Any CPU
		{557393B2-F0A5-49C7-931C-FFE592C8D23F}.Local|Any CPU.Build.0 = Test|Any CPU
		{557393B2-F0A5-49C7-931C-FFE592C8D23F}.Local|Mixed Platforms.ActiveCfg = Debug|Any CPU
		{557393B2-F0A5-49C7-931C-FFE592C8D23F}.Local|Mixed Platforms.Build.0 = Debug|Any CPU
		{557393B2-F0A5-49C7-931C-FFE592C8D23F}.Local|x86.ActiveCfg = Test|Any CPU
		{557393B2-F0A5-49C7-931C-FFE592C8D23F}.Local|x86.Build.0 = Test|Any CPU
		{557393B2-F0A5-49C7-931C-FFE592C8D23F}.Production|Any CPU.ActiveCfg = Production|Any CPU
		{557393B2-F0A5-49C7-931C-FFE592C8D23F}.Production|Any CPU.Build.0 = Production|Any CPU
		{557393B2-F0A5-49C7-931C-FFE592C8D23F}.Production|Mixed Platforms.ActiveCfg = Production|Any CPU
		{557393B2-F0A5-49C7-931C-FFE592C8D23F}.Production|Mixed Platforms.Build.0 = Production|Any CPU
		{557393B2-F0A5-49C7-931C-FFE592C8D23F}.Production|x86.ActiveCfg = Production|Any CPU
		{557393B2-F0A5-49C7-931C-FFE592C8D23F}.Release|Any CPU.ActiveCfg = Test|Any CPU
		{557393B2-F0A5-49C7-931C-FFE592C8D23F}.Release|Any CPU.Build.0 = Test|Any CPU
		{557393B2-F0A5-49C7-931C-FFE592C8D23F}.Release|Mixed Platforms.ActiveCfg = Test|Any CPU
		{557393B2-F0A5-49C7-931C-FFE592C8D23F}.Release|Mixed Platforms.Build.0 = Test|Any CPU
		{557393B2-F0A5-49C7-931C-FFE592C8D23F}.Release|x86.ActiveCfg = Test|Any CPU
		{557393B2-F0A5-49C7-931C-FFE592C8D23F}.Test|Any CPU.ActiveCfg = Test|Any CPU
		{557393B2-F0A5-49C7-931C-FFE592C8D23F}.Test|Any CPU.Build.0 = Test|Any CPU
		{557393B2-F0A5-49C7-931C-FFE592C8D23F}.Test|Mixed Platforms.ActiveCfg = Test|Any CPU
		{557393B2-F0A5-49C7-931C-FFE592C8D23F}.Test|Mixed Platforms.Build.0 = Test|Any CPU
		{557393B2-F0A5-49C7-931C-FFE592C8D23F}.Test|x86.ActiveCfg = Test|Any CPU
		{00A8CDF4-EB65-4040-85ED-85E8FF94D593}.Debug|Any CPU.ActiveCfg = Debug|Any CPU
		{00A8CDF4-EB65-4040-85ED-85E8FF94D593}.Debug|Any CPU.Build.0 = Debug|Any CPU
		{00A8CDF4-EB65-4040-85ED-85E8FF94D593}.Debug|Mixed Platforms.ActiveCfg = Debug|Any CPU
		{00A8CDF4-EB65-4040-85ED-85E8FF94D593}.Debug|Mixed Platforms.Build.0 = Debug|Any CPU
		{00A8CDF4-EB65-4040-85ED-85E8FF94D593}.Debug|x86.ActiveCfg = Debug|Any CPU
		{00A8CDF4-EB65-4040-85ED-85E8FF94D593}.Local|Any CPU.ActiveCfg = Release|Any CPU
		{00A8CDF4-EB65-4040-85ED-85E8FF94D593}.Local|Any CPU.Build.0 = Release|Any CPU
		{00A8CDF4-EB65-4040-85ED-85E8FF94D593}.Local|Mixed Platforms.ActiveCfg = Release|Any CPU
		{00A8CDF4-EB65-4040-85ED-85E8FF94D593}.Local|Mixed Platforms.Build.0 = Release|Any CPU
		{00A8CDF4-EB65-4040-85ED-85E8FF94D593}.Local|x86.ActiveCfg = Release|Any CPU
		{00A8CDF4-EB65-4040-85ED-85E8FF94D593}.Local|x86.Build.0 = Release|Any CPU
		{00A8CDF4-EB65-4040-85ED-85E8FF94D593}.Production|Any CPU.ActiveCfg = Release|Any CPU
		{00A8CDF4-EB65-4040-85ED-85E8FF94D593}.Production|Any CPU.Build.0 = Release|Any CPU
		{00A8CDF4-EB65-4040-85ED-85E8FF94D593}.Production|Mixed Platforms.ActiveCfg = Release|Any CPU
		{00A8CDF4-EB65-4040-85ED-85E8FF94D593}.Production|Mixed Platforms.Build.0 = Release|Any CPU
		{00A8CDF4-EB65-4040-85ED-85E8FF94D593}.Production|x86.ActiveCfg = Release|Any CPU
		{00A8CDF4-EB65-4040-85ED-85E8FF94D593}.Release|Any CPU.ActiveCfg = Release|Any CPU
		{00A8CDF4-EB65-4040-85ED-85E8FF94D593}.Release|Any CPU.Build.0 = Release|Any CPU
		{00A8CDF4-EB65-4040-85ED-85E8FF94D593}.Release|Mixed Platforms.ActiveCfg = Release|Any CPU
		{00A8CDF4-EB65-4040-85ED-85E8FF94D593}.Release|Mixed Platforms.Build.0 = Release|Any CPU
		{00A8CDF4-EB65-4040-85ED-85E8FF94D593}.Release|x86.ActiveCfg = Release|Any CPU
		{00A8CDF4-EB65-4040-85ED-85E8FF94D593}.Test|Any CPU.ActiveCfg = Release|Any CPU
		{00A8CDF4-EB65-4040-85ED-85E8FF94D593}.Test|Any CPU.Build.0 = Release|Any CPU
		{00A8CDF4-EB65-4040-85ED-85E8FF94D593}.Test|Mixed Platforms.ActiveCfg = Release|Any CPU
		{00A8CDF4-EB65-4040-85ED-85E8FF94D593}.Test|Mixed Platforms.Build.0 = Release|Any CPU
		{00A8CDF4-EB65-4040-85ED-85E8FF94D593}.Test|x86.ActiveCfg = Release|Any CPU
		{34D4503D-C653-46A4-8EB4-2F8F580F97CB}.Debug|Any CPU.ActiveCfg = Debug|Any CPU
		{34D4503D-C653-46A4-8EB4-2F8F580F97CB}.Debug|Any CPU.Build.0 = Debug|Any CPU
		{34D4503D-C653-46A4-8EB4-2F8F580F97CB}.Debug|Mixed Platforms.ActiveCfg = Debug|Any CPU
		{34D4503D-C653-46A4-8EB4-2F8F580F97CB}.Debug|Mixed Platforms.Build.0 = Debug|Any CPU
		{34D4503D-C653-46A4-8EB4-2F8F580F97CB}.Debug|x86.ActiveCfg = Debug|Any CPU
		{34D4503D-C653-46A4-8EB4-2F8F580F97CB}.Local|Any CPU.ActiveCfg = Release|Any CPU
		{34D4503D-C653-46A4-8EB4-2F8F580F97CB}.Local|Any CPU.Build.0 = Release|Any CPU
		{34D4503D-C653-46A4-8EB4-2F8F580F97CB}.Local|Mixed Platforms.ActiveCfg = Release|Any CPU
		{34D4503D-C653-46A4-8EB4-2F8F580F97CB}.Local|Mixed Platforms.Build.0 = Release|Any CPU
		{34D4503D-C653-46A4-8EB4-2F8F580F97CB}.Local|x86.ActiveCfg = Release|Any CPU
		{34D4503D-C653-46A4-8EB4-2F8F580F97CB}.Local|x86.Build.0 = Release|Any CPU
		{34D4503D-C653-46A4-8EB4-2F8F580F97CB}.Production|Any CPU.ActiveCfg = Release|Any CPU
		{34D4503D-C653-46A4-8EB4-2F8F580F97CB}.Production|Any CPU.Build.0 = Release|Any CPU
		{34D4503D-C653-46A4-8EB4-2F8F580F97CB}.Production|Mixed Platforms.ActiveCfg = Release|Any CPU
		{34D4503D-C653-46A4-8EB4-2F8F580F97CB}.Production|Mixed Platforms.Build.0 = Release|Any CPU
		{34D4503D-C653-46A4-8EB4-2F8F580F97CB}.Production|x86.ActiveCfg = Release|Any CPU
		{34D4503D-C653-46A4-8EB4-2F8F580F97CB}.Release|Any CPU.ActiveCfg = Release|Any CPU
		{34D4503D-C653-46A4-8EB4-2F8F580F97CB}.Release|Any CPU.Build.0 = Release|Any CPU
		{34D4503D-C653-46A4-8EB4-2F8F580F97CB}.Release|Mixed Platforms.ActiveCfg = Release|Any CPU
		{34D4503D-C653-46A4-8EB4-2F8F580F97CB}.Release|Mixed Platforms.Build.0 = Release|Any CPU
		{34D4503D-C653-46A4-8EB4-2F8F580F97CB}.Release|x86.ActiveCfg = Release|Any CPU
		{34D4503D-C653-46A4-8EB4-2F8F580F97CB}.Test|Any CPU.ActiveCfg = Release|Any CPU
		{34D4503D-C653-46A4-8EB4-2F8F580F97CB}.Test|Any CPU.Build.0 = Release|Any CPU
		{34D4503D-C653-46A4-8EB4-2F8F580F97CB}.Test|Mixed Platforms.ActiveCfg = Release|Any CPU
		{34D4503D-C653-46A4-8EB4-2F8F580F97CB}.Test|Mixed Platforms.Build.0 = Release|Any CPU
		{34D4503D-C653-46A4-8EB4-2F8F580F97CB}.Test|x86.ActiveCfg = Release|Any CPU
		{ABF75C23-EC35-4AD8-8D3A-076615C61FAD}.Debug|Any CPU.ActiveCfg = Debug|Any CPU
		{ABF75C23-EC35-4AD8-8D3A-076615C61FAD}.Debug|Any CPU.Build.0 = Debug|Any CPU
		{ABF75C23-EC35-4AD8-8D3A-076615C61FAD}.Debug|Mixed Platforms.ActiveCfg = Debug|Any CPU
		{ABF75C23-EC35-4AD8-8D3A-076615C61FAD}.Debug|Mixed Platforms.Build.0 = Debug|Any CPU
		{ABF75C23-EC35-4AD8-8D3A-076615C61FAD}.Debug|x86.ActiveCfg = Debug|Any CPU
		{ABF75C23-EC35-4AD8-8D3A-076615C61FAD}.Local|Any CPU.ActiveCfg = Release|Any CPU
		{ABF75C23-EC35-4AD8-8D3A-076615C61FAD}.Local|Any CPU.Build.0 = Release|Any CPU
		{ABF75C23-EC35-4AD8-8D3A-076615C61FAD}.Local|Mixed Platforms.ActiveCfg = Debug|Any CPU
		{ABF75C23-EC35-4AD8-8D3A-076615C61FAD}.Local|Mixed Platforms.Build.0 = Debug|Any CPU
		{ABF75C23-EC35-4AD8-8D3A-076615C61FAD}.Local|x86.ActiveCfg = Release|Any CPU
		{ABF75C23-EC35-4AD8-8D3A-076615C61FAD}.Local|x86.Build.0 = Release|Any CPU
		{ABF75C23-EC35-4AD8-8D3A-076615C61FAD}.Production|Any CPU.ActiveCfg = Release|Any CPU
		{ABF75C23-EC35-4AD8-8D3A-076615C61FAD}.Production|Any CPU.Build.0 = Release|Any CPU
		{ABF75C23-EC35-4AD8-8D3A-076615C61FAD}.Production|Mixed Platforms.ActiveCfg = Release|Any CPU
		{ABF75C23-EC35-4AD8-8D3A-076615C61FAD}.Production|Mixed Platforms.Build.0 = Release|Any CPU
		{ABF75C23-EC35-4AD8-8D3A-076615C61FAD}.Production|x86.ActiveCfg = Release|Any CPU
		{ABF75C23-EC35-4AD8-8D3A-076615C61FAD}.Release|Any CPU.ActiveCfg = Release|Any CPU
		{ABF75C23-EC35-4AD8-8D3A-076615C61FAD}.Release|Any CPU.Build.0 = Release|Any CPU
		{ABF75C23-EC35-4AD8-8D3A-076615C61FAD}.Release|Mixed Platforms.ActiveCfg = Release|Any CPU
		{ABF75C23-EC35-4AD8-8D3A-076615C61FAD}.Release|Mixed Platforms.Build.0 = Release|Any CPU
		{ABF75C23-EC35-4AD8-8D3A-076615C61FAD}.Release|x86.ActiveCfg = Release|Any CPU
		{ABF75C23-EC35-4AD8-8D3A-076615C61FAD}.Test|Any CPU.ActiveCfg = Release|Any CPU
		{ABF75C23-EC35-4AD8-8D3A-076615C61FAD}.Test|Any CPU.Build.0 = Release|Any CPU
		{ABF75C23-EC35-4AD8-8D3A-076615C61FAD}.Test|Mixed Platforms.ActiveCfg = Release|Any CPU
		{ABF75C23-EC35-4AD8-8D3A-076615C61FAD}.Test|Mixed Platforms.Build.0 = Release|Any CPU
		{ABF75C23-EC35-4AD8-8D3A-076615C61FAD}.Test|x86.ActiveCfg = Release|Any CPU
		{2DFC97BA-108C-45C2-B986-1D282A9B41CE}.Debug|Any CPU.ActiveCfg = Debug|Any CPU
		{2DFC97BA-108C-45C2-B986-1D282A9B41CE}.Debug|Any CPU.Build.0 = Debug|Any CPU
		{2DFC97BA-108C-45C2-B986-1D282A9B41CE}.Debug|Mixed Platforms.ActiveCfg = Debug|Any CPU
		{2DFC97BA-108C-45C2-B986-1D282A9B41CE}.Debug|Mixed Platforms.Build.0 = Debug|Any CPU
		{2DFC97BA-108C-45C2-B986-1D282A9B41CE}.Debug|x86.ActiveCfg = Debug|Any CPU
		{2DFC97BA-108C-45C2-B986-1D282A9B41CE}.Local|Any CPU.ActiveCfg = Release|Any CPU
		{2DFC97BA-108C-45C2-B986-1D282A9B41CE}.Local|Any CPU.Build.0 = Release|Any CPU
		{2DFC97BA-108C-45C2-B986-1D282A9B41CE}.Local|Mixed Platforms.ActiveCfg = Debug|Any CPU
		{2DFC97BA-108C-45C2-B986-1D282A9B41CE}.Local|Mixed Platforms.Build.0 = Debug|Any CPU
		{2DFC97BA-108C-45C2-B986-1D282A9B41CE}.Local|x86.ActiveCfg = Release|Any CPU
		{2DFC97BA-108C-45C2-B986-1D282A9B41CE}.Local|x86.Build.0 = Release|Any CPU
		{2DFC97BA-108C-45C2-B986-1D282A9B41CE}.Production|Any CPU.ActiveCfg = Release|Any CPU
		{2DFC97BA-108C-45C2-B986-1D282A9B41CE}.Production|Any CPU.Build.0 = Release|Any CPU
		{2DFC97BA-108C-45C2-B986-1D282A9B41CE}.Production|Mixed Platforms.ActiveCfg = Release|Any CPU
		{2DFC97BA-108C-45C2-B986-1D282A9B41CE}.Production|Mixed Platforms.Build.0 = Release|Any CPU
		{2DFC97BA-108C-45C2-B986-1D282A9B41CE}.Production|x86.ActiveCfg = Release|Any CPU
		{2DFC97BA-108C-45C2-B986-1D282A9B41CE}.Release|Any CPU.ActiveCfg = Release|Any CPU
		{2DFC97BA-108C-45C2-B986-1D282A9B41CE}.Release|Any CPU.Build.0 = Release|Any CPU
		{2DFC97BA-108C-45C2-B986-1D282A9B41CE}.Release|Mixed Platforms.ActiveCfg = Release|Any CPU
		{2DFC97BA-108C-45C2-B986-1D282A9B41CE}.Release|Mixed Platforms.Build.0 = Release|Any CPU
		{2DFC97BA-108C-45C2-B986-1D282A9B41CE}.Release|x86.ActiveCfg = Release|Any CPU
		{2DFC97BA-108C-45C2-B986-1D282A9B41CE}.Test|Any CPU.ActiveCfg = Release|Any CPU
		{2DFC97BA-108C-45C2-B986-1D282A9B41CE}.Test|Any CPU.Build.0 = Release|Any CPU
		{2DFC97BA-108C-45C2-B986-1D282A9B41CE}.Test|Mixed Platforms.ActiveCfg = Release|Any CPU
		{2DFC97BA-108C-45C2-B986-1D282A9B41CE}.Test|Mixed Platforms.Build.0 = Release|Any CPU
		{2DFC97BA-108C-45C2-B986-1D282A9B41CE}.Test|x86.ActiveCfg = Release|Any CPU
		{7BB61EBD-D1E7-41AB-9D70-146B9F132166}.Debug|Any CPU.ActiveCfg = Debug|Any CPU
		{7BB61EBD-D1E7-41AB-9D70-146B9F132166}.Debug|Any CPU.Build.0 = Debug|Any CPU
		{7BB61EBD-D1E7-41AB-9D70-146B9F132166}.Debug|Mixed Platforms.ActiveCfg = Debug|Any CPU
		{7BB61EBD-D1E7-41AB-9D70-146B9F132166}.Debug|Mixed Platforms.Build.0 = Debug|Any CPU
		{7BB61EBD-D1E7-41AB-9D70-146B9F132166}.Debug|x86.ActiveCfg = Debug|Any CPU
		{7BB61EBD-D1E7-41AB-9D70-146B9F132166}.Local|Any CPU.ActiveCfg = Test|Any CPU
		{7BB61EBD-D1E7-41AB-9D70-146B9F132166}.Local|Any CPU.Build.0 = Test|Any CPU
		{7BB61EBD-D1E7-41AB-9D70-146B9F132166}.Local|Mixed Platforms.ActiveCfg = Test|Any CPU
		{7BB61EBD-D1E7-41AB-9D70-146B9F132166}.Local|Mixed Platforms.Build.0 = Test|Any CPU
		{7BB61EBD-D1E7-41AB-9D70-146B9F132166}.Local|x86.ActiveCfg = Test|Any CPU
		{7BB61EBD-D1E7-41AB-9D70-146B9F132166}.Local|x86.Build.0 = Test|Any CPU
		{7BB61EBD-D1E7-41AB-9D70-146B9F132166}.Production|Any CPU.ActiveCfg = Release|Any CPU
		{7BB61EBD-D1E7-41AB-9D70-146B9F132166}.Production|Any CPU.Build.0 = Release|Any CPU
		{7BB61EBD-D1E7-41AB-9D70-146B9F132166}.Production|Mixed Platforms.ActiveCfg = Release|Any CPU
		{7BB61EBD-D1E7-41AB-9D70-146B9F132166}.Production|Mixed Platforms.Build.0 = Release|Any CPU
		{7BB61EBD-D1E7-41AB-9D70-146B9F132166}.Production|x86.ActiveCfg = Release|Any CPU
		{7BB61EBD-D1E7-41AB-9D70-146B9F132166}.Release|Any CPU.ActiveCfg = Release|Any CPU
		{7BB61EBD-D1E7-41AB-9D70-146B9F132166}.Release|Any CPU.Build.0 = Release|Any CPU
		{7BB61EBD-D1E7-41AB-9D70-146B9F132166}.Release|Mixed Platforms.ActiveCfg = Release|Any CPU
		{7BB61EBD-D1E7-41AB-9D70-146B9F132166}.Release|Mixed Platforms.Build.0 = Release|Any CPU
		{7BB61EBD-D1E7-41AB-9D70-146B9F132166}.Release|x86.ActiveCfg = Release|Any CPU
		{7BB61EBD-D1E7-41AB-9D70-146B9F132166}.Test|Any CPU.ActiveCfg = Release|Any CPU
		{7BB61EBD-D1E7-41AB-9D70-146B9F132166}.Test|Any CPU.Build.0 = Release|Any CPU
		{7BB61EBD-D1E7-41AB-9D70-146B9F132166}.Test|Mixed Platforms.ActiveCfg = Test|Any CPU
		{7BB61EBD-D1E7-41AB-9D70-146B9F132166}.Test|Mixed Platforms.Build.0 = Test|Any CPU
		{7BB61EBD-D1E7-41AB-9D70-146B9F132166}.Test|x86.ActiveCfg = Release|Any CPU
	EndGlobalSection
	GlobalSection(SolutionProperties) = preSolution
		HideSolutionNode = FALSE
	EndGlobalSection
	GlobalSection(ExtensibilityGlobals) = postSolution
		SolutionGuid = {09B57860-BD90-419D-9D41-E94F44BAF22C}
	EndGlobalSection
EndGlobal
